{
    "_readme": [
        "This file locks the dependencies of your project to a known state",
        "Read more about it at https://getcomposer.org/doc/01-basic-usage.md#installing-dependencies",
        "This file is @generated automatically"
    ],
    "content-hash": "d12a728b23983d7803b1443791f218a6",
    "packages": [
        {
            "name": "webfarrock/brackets-chk",
            "version": "1.0.1",
            "source": {
                "type": "git",
                "url": "https://github.com/webFarrock/ChkBrakets.git",
                "reference": "5e8ccab1f462311e829493e2491af52d6cd4da71"
            },
            "dist": {
                "type": "zip",
                "url": "https://api.github.com/repos/webFarrock/ChkBrakets/zipball/5e8ccab1f462311e829493e2491af52d6cd4da71",
                "reference": "5e8ccab1f462311e829493e2491af52d6cd4da71",
                "shasum": ""
            },
            "type": "library",
            "autoload": {
                "psr-4": {
                    "Webfarrock\\": "src/"
                }
            },
            "notification-url": "https://packagist.org/downloads/",
            "description": "Package to check if all brackets correct",
            "time": "2019-12-19T07:28:40+00:00"
        }
    ],
    "packages-dev": [],
    "aliases": [],
    "minimum-stability": "stable",
    "stability-flags": [],
    "prefer-stable": false,
    "prefer-lowest": false,
    "platform": [],
    "platform-dev": []
}
